<?xml version="1.0" encoding="utf-8"?>
<Project ToolsVersion="4.0" xmlns="http://schemas.microsoft.com/developer/msbuild/2003">
  <ItemGroup>
    <Filter Include="Resource Files">
      <UniqueIdentifier>{67DA6AB6-F800-4c08-8B7A-83BB121AAD01}</UniqueIdentifier>
      <Extensions>rc;ico;cur;bmp;dlg;rc2;rct;bin;rgs;gif;jpg;jpeg;jpe;resx;tiff;tif;png;wav;mfcribbon-ms</Extensions>
    </Filter>
    <Filter Include="glad">
      <UniqueIdentifier>{e31b3147-3d8a-453f-aede-1ab2a51abfb6}</UniqueIdentifier>
    </Filter>
    <Filter Include="glad\KHR">
      <UniqueIdentifier>{7f68a21c-02d9-4e67-9531-290110c97f37}</UniqueIdentifier>
    </Filter>
  </ItemGroup>
  <ItemGroup>
    <ClInclude Include="Window.h" />
    <ClInclude Include="glad\glad.h">
      <Filter>glad</Filter>
    </ClInclude>
    <ClInclude Include="KHR\khrplatform.h">
      <Filter>glad\KHR</Filter>
    </ClInclude>
    <ClInclude Include="Engine.h" />
    <ClInclude Include="enums.h" />
    <ClInclude Include="Input.h" />
    <ClInclude Include="Primitive.h" />
    <ClInclude Include="Scene.h" />
    <ClInclude Include="ShaderProgram.h" />
    <ClInclude Include="Texture.h" />
    <ClInclude Include="stb_image.h" />
    <ClInclude Include="Camera.h" />
    <ClInclude Include="TextureContainer.h" />
    <ClInclude Include="ShaderContainer.h" />
    <ClInclude Include="MouseListener.h" />
    <ClInclude Include="Light.h" />
    <ClInclude Include="ModelInstance.h" />
    <ClInclude Include="ModelContainer.h" />
    <ClInclude Include="Material.h" />
  </ItemGroup>
  <ItemGroup>
    <ClCompile Include="Window.cpp" />
    <ClCompile Include="glad\glad.c">
      <Filter>glad</Filter>
    </ClCompile>
    <ClCompile Include="Engine.cpp" />
    <ClCompile Include="Input.cpp" />
    <ClCompile Include="Primitive.cpp" />
    <ClCompile Include="Scene.cpp" />
    <ClCompile Include="ShaderProgram.cpp" />
    <ClCompile Include="Texture.cpp" />
    <ClCompile Include="stb_image.cpp" />
    <ClCompile Include="Camera.cpp" />
    <ClCompile Include="TextureContainer.cpp" />
    <ClCompile Include="ShaderContainer.cpp" />
    <ClCompile Include="MouseListener.cpp" />
    <ClCompile Include="Light.cpp" />
    <ClCompile Include="ModelInstance.cpp" />
    <ClCompile Include="ModelContainer.cpp" />
    <ClCompile Include="Material.cpp" />
  </ItemGroup>
</Project>