<?xml version="1.0" encoding="utf-8"?>
<Project ToolsVersion="4.0" xmlns="http://schemas.microsoft.com/developer/msbuild/2003">
  <ItemGroup>
    <Filter Include="Resource Files">
      <UniqueIdentifier>{67DA6AB6-F800-4c08-8B7A-83BB121AAD01}</UniqueIdentifier>
      <Extensions>rc;ico;cur;bmp;dlg;rc2;rct;bin;rgs;gif;jpg;jpeg;jpe;resx;tiff;tif;png;wav;mfcribbon-ms</Extensions>
    </Filter>
    <Filter Include="glad">
      <UniqueIdentifier>{e31b3147-3d8a-453f-aede-1ab2a51abfb6}</UniqueIdentifier>
    </Filter>
    <Filter Include="glad\KHR">
      <UniqueIdentifier>{7f68a21c-02d9-4e67-9531-290110c97f37}</UniqueIdentifier>
    </Filter>
    <Filter Include="model">
      <UniqueIdentifier>{9a856977-041a-445c-8c51-433455eddd43}</UniqueIdentifier>
    </Filter>
    <Filter Include="window">
      <UniqueIdentifier>{85a6f001-b85e-4d39-b622-fbdc8471a2b8}</UniqueIdentifier>
    </Filter>
    <Filter Include="scene">
      <UniqueIdentifier>{f9121872-b208-48e2-be4d-e5e56fb8b178}</UniqueIdentifier>
    </Filter>
    <Filter Include="material">
      <UniqueIdentifier>{8d50fbed-220d-4be9-a3b0-f2d3e30b9100}</UniqueIdentifier>
    </Filter>
  </ItemGroup>
  <ItemGroup>
    <ClInclude Include="glad\glad.h">
      <Filter>glad</Filter>
    </ClInclude>
    <ClInclude Include="KHR\khrplatform.h">
      <Filter>glad\KHR</Filter>
    </ClInclude>
    <ClInclude Include="Engine.h" />
    <ClInclude Include="enums.h" />
    <ClInclude Include="stb_image.h" />
    <ClInclude Include="ModelInstance.h">
      <Filter>model</Filter>
    </ClInclude>
    <ClInclude Include="MeshContainer.h">
      <Filter>model</Filter>
    </ClInclude>
    <ClInclude Include="ModelContainer.h">
      <Filter>model</Filter>
    </ClInclude>
    <ClInclude Include="Mesh.h">
      <Filter>model</Filter>
    </ClInclude>
    <ClInclude Include="Model.h">
      <Filter>model</Filter>
    </ClInclude>
    <ClInclude Include="Input.h">
      <Filter>window</Filter>
    </ClInclude>
    <ClInclude Include="Window.h">
      <Filter>window</Filter>
    </ClInclude>
    <ClInclude Include="Scene.h">
      <Filter>scene</Filter>
    </ClInclude>
    <ClInclude Include="Camera.h">
      <Filter>scene</Filter>
    </ClInclude>
    <ClInclude Include="MouseListener.h">
      <Filter>window</Filter>
    </ClInclude>
    <ClInclude Include="Material.h">
      <Filter>material</Filter>
    </ClInclude>
    <ClInclude Include="Texture.h">
      <Filter>material</Filter>
    </ClInclude>
    <ClInclude Include="TextureContainer.h">
      <Filter>material</Filter>
    </ClInclude>
    <ClInclude Include="ShaderContainer.h">
      <Filter>material</Filter>
    </ClInclude>
    <ClInclude Include="ShaderProgram.h">
      <Filter>material</Filter>
    </ClInclude>
    <ClInclude Include="Light.h">
      <Filter>scene</Filter>
    </ClInclude>
  </ItemGroup>
  <ItemGroup>
    <ClCompile Include="glad\glad.c">
      <Filter>glad</Filter>
    </ClCompile>
    <ClCompile Include="Engine.cpp" />
    <ClCompile Include="stb_image.cpp" />
    <ClCompile Include="Model.cpp">
      <Filter>model</Filter>
    </ClCompile>
    <ClCompile Include="ModelContainer.cpp">
      <Filter>model</Filter>
    </ClCompile>
    <ClCompile Include="MeshContainer.cpp">
      <Filter>model</Filter>
    </ClCompile>
    <ClCompile Include="ModelInstance.cpp">
      <Filter>model</Filter>
    </ClCompile>
    <ClCompile Include="Mesh.cpp">
      <Filter>model</Filter>
    </ClCompile>
    <ClCompile Include="Input.cpp">
      <Filter>window</Filter>
    </ClCompile>
    <ClCompile Include="Window.cpp">
      <Filter>window</Filter>
    </ClCompile>
    <ClCompile Include="Scene.cpp">
      <Filter>scene</Filter>
    </ClCompile>
    <ClCompile Include="Camera.cpp">
      <Filter>scene</Filter>
    </ClCompile>
    <ClCompile Include="MouseListener.cpp">
      <Filter>window</Filter>
    </ClCompile>
    <ClCompile Include="Material.cpp">
      <Filter>material</Filter>
    </ClCompile>
    <ClCompile Include="Texture.cpp">
      <Filter>material</Filter>
    </ClCompile>
    <ClCompile Include="TextureContainer.cpp">
      <Filter>material</Filter>
    </ClCompile>
    <ClCompile Include="ShaderContainer.cpp">
      <Filter>material</Filter>
    </ClCompile>
    <ClCompile Include="ShaderProgram.cpp">
      <Filter>material</Filter>
    </ClCompile>
    <ClCompile Include="Light.cpp">
      <Filter>scene</Filter>
    </ClCompile>
  </ItemGroup>
</Project>