
Microsoft Visual Studio Solution File, Format Version 12.00
# Visual Studio 15
VisualStudioVersion = 15.0.28010.2026
MinimumVisualStudioVersion = 10.0.40219.1
Project("{8BC9CEB8-8B4A-11D0-8D11-00A0C91BC942}") = "OpenGlEngine", "OpenGlEngine\OpenGlEngine.vcxproj", "{021471DD-E328-4EEC-A61D-716C304C85D2}"
EndProject
Project("{8BC9CEB8-8B4A-11D0-8D11-00A0C91BC942}") = "SampleApp", "SampleApp\SampleApp.vcxproj", "{64666E44-F1CD-4C9B-A9FB-67A24A9C6A95}"
	ProjectSection(ProjectDependencies) = postProject
		{021471DD-E328-4EEC-A61D-716C304C85D2} = {021471DD-E328-4EEC-A61D-716C304C85D2}
	EndProjectSection
EndProject
Project("{8BC9CEB8-8B4A-11D0-8D11-00A0C91BC942}") = "CommonUtilities", "CommonUtilities\CommonUtilities.vcxproj", "{D0C7251A-4A6B-407B-BBA9-A899DFD01B4A}"
EndProject
Global
	GlobalSection(SolutionConfigurationPlatforms) = preSolution
		Debug + Collada|x64 = Debug + Collada|x64
		Debug + Collada|x86 = Debug + Collada|x86
		Debug Editor|x64 = Debug Editor|x64
		Debug Editor|x86 = Debug Editor|x86
		Debug med Collada|x64 = Debug med Collada|x64
		Debug med Collada|x86 = Debug med Collada|x86
		Debug och Collada|x64 = Debug och Collada|x64
		Debug och Collada|x86 = Debug och Collada|x86
		Debug|x64 = Debug|x64
		Debug|x86 = Debug|x86
		Release + Collada|x64 = Release + Collada|x64
		Release + Collada|x86 = Release + Collada|x86
		Release Editor|x64 = Release Editor|x64
		Release Editor|x86 = Release Editor|x86
		Release|x64 = Release|x64
		Release|x86 = Release|x86
	EndGlobalSection
	GlobalSection(ProjectConfigurationPlatforms) = postSolution
		{021471DD-E328-4EEC-A61D-716C304C85D2}.Debug + Collada|x64.ActiveCfg = Debug|x64
		{021471DD-E328-4EEC-A61D-716C304C85D2}.Debug + Collada|x64.Build.0 = Debug|x64
		{021471DD-E328-4EEC-A61D-716C304C85D2}.Debug + Collada|x86.ActiveCfg = Debug|Win32
		{021471DD-E328-4EEC-A61D-716C304C85D2}.Debug + Collada|x86.Build.0 = Debug|Win32
		{021471DD-E328-4EEC-A61D-716C304C85D2}.Debug Editor|x64.ActiveCfg = Debug|x64
		{021471DD-E328-4EEC-A61D-716C304C85D2}.Debug Editor|x64.Build.0 = Debug|x64
		{021471DD-E328-4EEC-A61D-716C304C85D2}.Debug Editor|x86.ActiveCfg = Debug|Win32
		{021471DD-E328-4EEC-A61D-716C304C85D2}.Debug Editor|x86.Build.0 = Debug|Win32
		{021471DD-E328-4EEC-A61D-716C304C85D2}.Debug med Collada|x64.ActiveCfg = Debug|x64
		{021471DD-E328-4EEC-A61D-716C304C85D2}.Debug med Collada|x64.Build.0 = Debug|x64
		{021471DD-E328-4EEC-A61D-716C304C85D2}.Debug med Collada|x86.ActiveCfg = Debug|Win32
		{021471DD-E328-4EEC-A61D-716C304C85D2}.Debug med Collada|x86.Build.0 = Debug|Win32
		{021471DD-E328-4EEC-A61D-716C304C85D2}.Debug och Collada|x64.ActiveCfg = Debug|x64
		{021471DD-E328-4EEC-A61D-716C304C85D2}.Debug och Collada|x64.Build.0 = Debug|x64
		{021471DD-E328-4EEC-A61D-716C304C85D2}.Debug och Collada|x86.ActiveCfg = Debug|Win32
		{021471DD-E328-4EEC-A61D-716C304C85D2}.Debug och Collada|x86.Build.0 = Debug|Win32
		{021471DD-E328-4EEC-A61D-716C304C85D2}.Debug|x64.ActiveCfg = Debug|x64
		{021471DD-E328-4EEC-A61D-716C304C85D2}.Debug|x64.Build.0 = Debug|x64
		{021471DD-E328-4EEC-A61D-716C304C85D2}.Debug|x86.ActiveCfg = Debug|Win32
		{021471DD-E328-4EEC-A61D-716C304C85D2}.Debug|x86.Build.0 = Debug|Win32
		{021471DD-E328-4EEC-A61D-716C304C85D2}.Release + Collada|x64.ActiveCfg = Release|x64
		{021471DD-E328-4EEC-A61D-716C304C85D2}.Release + Collada|x64.Build.0 = Release|x64
		{021471DD-E328-4EEC-A61D-716C304C85D2}.Release + Collada|x86.ActiveCfg = Release|Win32
		{021471DD-E328-4EEC-A61D-716C304C85D2}.Release + Collada|x86.Build.0 = Release|Win32
		{021471DD-E328-4EEC-A61D-716C304C85D2}.Release Editor|x64.ActiveCfg = Release|x64
		{021471DD-E328-4EEC-A61D-716C304C85D2}.Release Editor|x64.Build.0 = Release|x64
		{021471DD-E328-4EEC-A61D-716C304C85D2}.Release Editor|x86.ActiveCfg = Release|Win32
		{021471DD-E328-4EEC-A61D-716C304C85D2}.Release Editor|x86.Build.0 = Release|Win32
		{021471DD-E328-4EEC-A61D-716C304C85D2}.Release|x64.ActiveCfg = Release|x64
		{021471DD-E328-4EEC-A61D-716C304C85D2}.Release|x64.Build.0 = Release|x64
		{021471DD-E328-4EEC-A61D-716C304C85D2}.Release|x86.ActiveCfg = Release|Win32
		{021471DD-E328-4EEC-A61D-716C304C85D2}.Release|x86.Build.0 = Release|Win32
		{64666E44-F1CD-4C9B-A9FB-67A24A9C6A95}.Debug + Collada|x64.ActiveCfg = Debug|x64
		{64666E44-F1CD-4C9B-A9FB-67A24A9C6A95}.Debug + Collada|x64.Build.0 = Debug|x64
		{64666E44-F1CD-4C9B-A9FB-67A24A9C6A95}.Debug + Collada|x86.ActiveCfg = Debug|Win32
		{64666E44-F1CD-4C9B-A9FB-67A24A9C6A95}.Debug + Collada|x86.Build.0 = Debug|Win32
		{64666E44-F1CD-4C9B-A9FB-67A24A9C6A95}.Debug Editor|x64.ActiveCfg = Debug|x64
		{64666E44-F1CD-4C9B-A9FB-67A24A9C6A95}.Debug Editor|x64.Build.0 = Debug|x64
		{64666E44-F1CD-4C9B-A9FB-67A24A9C6A95}.Debug Editor|x86.ActiveCfg = Debug|Win32
		{64666E44-F1CD-4C9B-A9FB-67A24A9C6A95}.Debug Editor|x86.Build.0 = Debug|Win32
		{64666E44-F1CD-4C9B-A9FB-67A24A9C6A95}.Debug med Collada|x64.ActiveCfg = Debug|x64
		{64666E44-F1CD-4C9B-A9FB-67A24A9C6A95}.Debug med Collada|x64.Build.0 = Debug|x64
		{64666E44-F1CD-4C9B-A9FB-67A24A9C6A95}.Debug med Collada|x86.ActiveCfg = Debug|Win32
		{64666E44-F1CD-4C9B-A9FB-67A24A9C6A95}.Debug med Collada|x86.Build.0 = Debug|Win32
		{64666E44-F1CD-4C9B-A9FB-67A24A9C6A95}.Debug och Collada|x64.ActiveCfg = Debug|x64
		{64666E44-F1CD-4C9B-A9FB-67A24A9C6A95}.Debug och Collada|x64.Build.0 = Debug|x64
		{64666E44-F1CD-4C9B-A9FB-67A24A9C6A95}.Debug och Collada|x86.ActiveCfg = Debug|Win32
		{64666E44-F1CD-4C9B-A9FB-67A24A9C6A95}.Debug och Collada|x86.Build.0 = Debug|Win32
		{64666E44-F1CD-4C9B-A9FB-67A24A9C6A95}.Debug|x64.ActiveCfg = Debug|x64
		{64666E44-F1CD-4C9B-A9FB-67A24A9C6A95}.Debug|x64.Build.0 = Debug|x64
		{64666E44-F1CD-4C9B-A9FB-67A24A9C6A95}.Debug|x86.ActiveCfg = Debug|Win32
		{64666E44-F1CD-4C9B-A9FB-67A24A9C6A95}.Debug|x86.Build.0 = Debug|Win32
		{64666E44-F1CD-4C9B-A9FB-67A24A9C6A95}.Release + Collada|x64.ActiveCfg = Release|x64
		{64666E44-F1CD-4C9B-A9FB-67A24A9C6A95}.Release + Collada|x64.Build.0 = Release|x64
		{64666E44-F1CD-4C9B-A9FB-67A24A9C6A95}.Release + Collada|x86.ActiveCfg = Release|Win32
		{64666E44-F1CD-4C9B-A9FB-67A24A9C6A95}.Release + Collada|x86.Build.0 = Release|Win32
		{64666E44-F1CD-4C9B-A9FB-67A24A9C6A95}.Release Editor|x64.ActiveCfg = Release|x64
		{64666E44-F1CD-4C9B-A9FB-67A24A9C6A95}.Release Editor|x64.Build.0 = Release|x64
		{64666E44-F1CD-4C9B-A9FB-67A24A9C6A95}.Release Editor|x86.ActiveCfg = Release|Win32
		{64666E44-F1CD-4C9B-A9FB-67A24A9C6A95}.Release Editor|x86.Build.0 = Release|Win32
		{64666E44-F1CD-4C9B-A9FB-67A24A9C6A95}.Release|x64.ActiveCfg = Release|x64
		{64666E44-F1CD-4C9B-A9FB-67A24A9C6A95}.Release|x64.Build.0 = Release|x64
		{64666E44-F1CD-4C9B-A9FB-67A24A9C6A95}.Release|x86.ActiveCfg = Release|Win32
		{64666E44-F1CD-4C9B-A9FB-67A24A9C6A95}.Release|x86.Build.0 = Release|Win32
		{D0C7251A-4A6B-407B-BBA9-A899DFD01B4A}.Debug + Collada|x64.ActiveCfg = Debug + Collada|Win32
		{D0C7251A-4A6B-407B-BBA9-A899DFD01B4A}.Debug + Collada|x86.ActiveCfg = Debug + Collada|Win32
		{D0C7251A-4A6B-407B-BBA9-A899DFD01B4A}.Debug + Collada|x86.Build.0 = Debug + Collada|Win32
		{D0C7251A-4A6B-407B-BBA9-A899DFD01B4A}.Debug Editor|x64.ActiveCfg = Debug Editor|Win32
		{D0C7251A-4A6B-407B-BBA9-A899DFD01B4A}.Debug Editor|x86.ActiveCfg = Debug Editor|Win32
		{D0C7251A-4A6B-407B-BBA9-A899DFD01B4A}.Debug Editor|x86.Build.0 = Debug Editor|Win32
		{D0C7251A-4A6B-407B-BBA9-A899DFD01B4A}.Debug med Collada|x64.ActiveCfg = Debug med Collada|Win32
		{D0C7251A-4A6B-407B-BBA9-A899DFD01B4A}.Debug med Collada|x86.ActiveCfg = Debug med Collada|Win32
		{D0C7251A-4A6B-407B-BBA9-A899DFD01B4A}.Debug med Collada|x86.Build.0 = Debug med Collada|Win32
		{D0C7251A-4A6B-407B-BBA9-A899DFD01B4A}.Debug och Collada|x64.ActiveCfg = Debug och Collada|Win32
		{D0C7251A-4A6B-407B-BBA9-A899DFD01B4A}.Debug och Collada|x86.ActiveCfg = Debug och Collada|Win32
		{D0C7251A-4A6B-407B-BBA9-A899DFD01B4A}.Debug och Collada|x86.Build.0 = Debug och Collada|Win32
		{D0C7251A-4A6B-407B-BBA9-A899DFD01B4A}.Debug|x64.ActiveCfg = Debug|Win32
		{D0C7251A-4A6B-407B-BBA9-A899DFD01B4A}.Debug|x86.ActiveCfg = Debug|Win32
		{D0C7251A-4A6B-407B-BBA9-A899DFD01B4A}.Debug|x86.Build.0 = Debug|Win32
		{D0C7251A-4A6B-407B-BBA9-A899DFD01B4A}.Release + Collada|x64.ActiveCfg = Release + Collada|Win32
		{D0C7251A-4A6B-407B-BBA9-A899DFD01B4A}.Release + Collada|x86.ActiveCfg = Release + Collada|Win32
		{D0C7251A-4A6B-407B-BBA9-A899DFD01B4A}.Release + Collada|x86.Build.0 = Release + Collada|Win32
		{D0C7251A-4A6B-407B-BBA9-A899DFD01B4A}.Release Editor|x64.ActiveCfg = Release Editor|Win32
		{D0C7251A-4A6B-407B-BBA9-A899DFD01B4A}.Release Editor|x86.ActiveCfg = Release Editor|Win32
		{D0C7251A-4A6B-407B-BBA9-A899DFD01B4A}.Release Editor|x86.Build.0 = Release Editor|Win32
		{D0C7251A-4A6B-407B-BBA9-A899DFD01B4A}.Release|x64.ActiveCfg = Release|Win32
		{D0C7251A-4A6B-407B-BBA9-A899DFD01B4A}.Release|x86.ActiveCfg = Release|Win32
		{D0C7251A-4A6B-407B-BBA9-A899DFD01B4A}.Release|x86.Build.0 = Release|Win32
	EndGlobalSection
	GlobalSection(SolutionProperties) = preSolution
		HideSolutionNode = FALSE
	EndGlobalSection
	GlobalSection(ExtensibilityGlobals) = postSolution
		SolutionGuid = {23E24748-B620-45A2-A409-ADF773551366}
	EndGlobalSection
EndGlobal
