<?xml version="1.0" encoding="utf-8"?>
<Project ToolsVersion="4.0" xmlns="http://schemas.microsoft.com/developer/msbuild/2003">
  <ItemGroup>
    <Filter Include="Resource Files">
      <UniqueIdentifier>{67DA6AB6-F800-4c08-8B7A-83BB121AAD01}</UniqueIdentifier>
      <Extensions>rc;ico;cur;bmp;dlg;rc2;rct;bin;rgs;gif;jpg;jpeg;jpe;resx;tiff;tif;png;wav;mfcribbon-ms</Extensions>
    </Filter>
    <Filter Include="Shaders">
      <UniqueIdentifier>{95086428-4cf6-43a3-8fef-d85e00521903}</UniqueIdentifier>
    </Filter>
  </ItemGroup>
  <ItemGroup>
    <ClCompile Include="Main.cpp" />
    <ClCompile Include="InputController.cpp" />
  </ItemGroup>
  <ItemGroup>
    <ClInclude Include="InputController.h" />
  </ItemGroup>
  <ItemGroup>
    <None Include="..\Workbed\depthTest.frag">
      <Filter>Resource Files</Filter>
    </None>
    <None Include="..\Workbed\lampShader.frag">
      <Filter>Resource Files</Filter>
    </None>
    <None Include="..\Workbed\lampShader.vert">
      <Filter>Resource Files</Filter>
    </None>
    <None Include="..\Workbed\lightingShader.frag">
      <Filter>Resource Files</Filter>
    </None>
    <None Include="..\Workbed\lightingShader.vert">
      <Filter>Resource Files</Filter>
    </None>
    <None Include="..\Workbed\scale.vert">
      <Filter>Resource Files</Filter>
    </None>
    <None Include="..\Workbed\simple.vert">
      <Filter>Resource Files</Filter>
    </None>
    <None Include="..\Workbed\singleColor.frag">
      <Filter>Resource Files</Filter>
    </None>
    <None Include="..\Workbed\lightingShaderNoAlpha.frag">
      <Filter>Resource Files</Filter>
    </None>
    <None Include="..\Workbed\pp_simple.frag">
      <Filter>Resource Files</Filter>
    </None>
    <None Include="..\Workbed\pp_simple.vert">
      <Filter>Resource Files</Filter>
    </None>
    <None Include="..\Workbed\pp_invert.frag">
      <Filter>Resource Files</Filter>
    </None>
    <None Include="..\Workbed\pp_grayscale.frag">
      <Filter>Resource Files</Filter>
    </None>
    <None Include="..\Workbed\pp_sharpen.frag">
      <Filter>Resource Files</Filter>
    </None>
    <None Include="..\Workbed\pp_blur.frag">
      <Filter>Resource Files</Filter>
    </None>
  </ItemGroup>
</Project>