<?xml version="1.0" encoding="utf-8"?>
<Project ToolsVersion="4.0" xmlns="http://schemas.microsoft.com/developer/msbuild/2003">
  <ItemGroup>
    <Filter Include="Resource Files">
      <UniqueIdentifier>{67DA6AB6-F800-4c08-8B7A-83BB121AAD01}</UniqueIdentifier>
      <Extensions>rc;ico;cur;bmp;dlg;rc2;rct;bin;rgs;gif;jpg;jpeg;jpe;resx;tiff;tif;png;wav;mfcribbon-ms</Extensions>
    </Filter>
    <Filter Include="Shaders">
      <UniqueIdentifier>{95086428-4cf6-43a3-8fef-d85e00521903}</UniqueIdentifier>
    </Filter>
  </ItemGroup>
  <ItemGroup>
    <ClCompile Include="Main.cpp" />
    <ClCompile Include="InputController.cpp" />
  </ItemGroup>
  <ItemGroup>
    <ClInclude Include="InputController.h" />
  </ItemGroup>
  <ItemGroup>
    <None Include="..\Debug\lampShader.frag">
      <Filter>Shaders</Filter>
    </None>
    <None Include="..\Debug\lampShader.vert">
      <Filter>Shaders</Filter>
    </None>
    <None Include="..\Debug\lightingShader.frag">
      <Filter>Shaders</Filter>
    </None>
    <None Include="..\Debug\lightingShader.vert">
      <Filter>Shaders</Filter>
    </None>
    <None Include="..\Debug\singleColor.frag">
      <Filter>Shaders</Filter>
    </None>
    <None Include="..\Debug\depthTest.frag">
      <Filter>Shaders</Filter>
    </None>
    <None Include="..\Debug\simple.vert">
      <Filter>Shaders</Filter>
    </None>
    <None Include="..\Debug\scale.vert">
      <Filter>Shaders</Filter>
    </None>
  </ItemGroup>
</Project>